Microsoft Visual Studio Solution File, Format Version 12.00
# Visual Studio Version 17
VisualStudioVersion = 17.5.2.0
MinimumVisualStudioVersion = 10.0.40219.1
Project("{FAE04EC0-301F-11D3-BF4B-00C04F79EFBC}") = "ProjetoRetornarCarros", "ProjetoRetornarCarros.csproj", "{A29B1320-10EA-8DC7-EE2B-8CA9C06D9F01}"
EndProject
Global
	GlobalSection(SolutionConfigurationPlatforms) = preSolution
		Debug|Any CPU = Debug|Any CPU
		Release|Any CPU = Release|Any CPU
	EndGlobalSection
	GlobalSection(ProjectConfigurationPlatforms) = postSolution
		{A29B1320-10EA-8DC7-EE2B-8CA9C06D9F01}.Debug|Any CPU.ActiveCfg = Debug|Any CPU
		{A29B1320-10EA-8DC7-EE2B-8CA9C06D9F01}.Debug|Any CPU.Build.0 = Debug|Any CPU
		{A29B1320-10EA-8DC7-EE2B-8CA9C06D9F01}.Release|Any CPU.ActiveCfg = Release|Any CPU
		{A29B1320-10EA-8DC7-EE2B-8CA9C06D9F01}.Release|Any CPU.Build.0 = Release|Any CPU
	EndGlobalSection
	GlobalSection(SolutionProperties) = preSolution
		HideSolutionNode = FALSE
	EndGlobalSection
	GlobalSection(ExtensibilityGlobals) = postSolution
		SolutionGuid = {CE386D63-9A8B-4D12-93A3-024DDCF26185}
	EndGlobalSection
EndGlobal
