Microsoft Visual Studio Solution File, Format Version 12.00
# Visual Studio Version 17
VisualStudioVersion = 17.5.2.0
MinimumVisualStudioVersion = 10.0.40219.1
Project("{FAE04EC0-301F-11D3-BF4B-00C04F79EFBC}") = "SistemaCadastroPessoas", "SistemaCadastroPessoas.csproj", "{6731A9E7-4C0C-25A8-D8D7-23A03B35AB9F}"
EndProject
Global
	GlobalSection(SolutionConfigurationPlatforms) = preSolution
		Debug|Any CPU = Debug|Any CPU
		Release|Any CPU = Release|Any CPU
	EndGlobalSection
	GlobalSection(ProjectConfigurationPlatforms) = postSolution
		{6731A9E7-4C0C-25A8-D8D7-23A03B35AB9F}.Debug|Any CPU.ActiveCfg = Debug|Any CPU
		{6731A9E7-4C0C-25A8-D8D7-23A03B35AB9F}.Debug|Any CPU.Build.0 = Debug|Any CPU
		{6731A9E7-4C0C-25A8-D8D7-23A03B35AB9F}.Release|Any CPU.ActiveCfg = Release|Any CPU
		{6731A9E7-4C0C-25A8-D8D7-23A03B35AB9F}.Release|Any CPU.Build.0 = Release|Any CPU
	EndGlobalSection
	GlobalSection(SolutionProperties) = preSolution
		HideSolutionNode = FALSE
	EndGlobalSection
	GlobalSection(ExtensibilityGlobals) = postSolution
		SolutionGuid = {FB4C1B0D-9FD7-4A19-90A3-E67F7724BE20}
	EndGlobalSection
EndGlobal
