Microsoft Visual Studio Solution File, Format Version 12.00
# Visual Studio Version 17
VisualStudioVersion = 17.5.2.0
MinimumVisualStudioVersion = 10.0.40219.1
Project("{FAE04EC0-301F-11D3-BF4B-00C04F79EFBC}") = "LerConteudo", "LerConteudo.csproj", "{CFC85712-D7AC-9766-5CBF-D131BBF36E6B}"
EndProject
Global
	GlobalSection(SolutionConfigurationPlatforms) = preSolution
		Debug|Any CPU = Debug|Any CPU
		Release|Any CPU = Release|Any CPU
	EndGlobalSection
	GlobalSection(ProjectConfigurationPlatforms) = postSolution
		{CFC85712-D7AC-9766-5CBF-D131BBF36E6B}.Debug|Any CPU.ActiveCfg = Debug|Any CPU
		{CFC85712-D7AC-9766-5CBF-D131BBF36E6B}.Debug|Any CPU.Build.0 = Debug|Any CPU
		{CFC85712-D7AC-9766-5CBF-D131BBF36E6B}.Release|Any CPU.ActiveCfg = Release|Any CPU
		{CFC85712-D7AC-9766-5CBF-D131BBF36E6B}.Release|Any CPU.Build.0 = Release|Any CPU
	EndGlobalSection
	GlobalSection(SolutionProperties) = preSolution
		HideSolutionNode = FALSE
	EndGlobalSection
	GlobalSection(ExtensibilityGlobals) = postSolution
		SolutionGuid = {06896410-2D80-40B8-8BC5-70D2A3CF1B8E}
	EndGlobalSection
EndGlobal
