Microsoft Visual Studio Solution File, Format Version 12.00
# Visual Studio Version 17
VisualStudioVersion = 17.5.2.0
MinimumVisualStudioVersion = 10.0.40219.1
Project("{FAE04EC0-301F-11D3-BF4B-00C04F79EFBC}") = "programa009", "programa009.csproj", "{742B36AF-736C-A6C1-2407-63B805FB1736}"
EndProject
Global
	GlobalSection(SolutionConfigurationPlatforms) = preSolution
		Debug|Any CPU = Debug|Any CPU
		Release|Any CPU = Release|Any CPU
	EndGlobalSection
	GlobalSection(ProjectConfigurationPlatforms) = postSolution
		{742B36AF-736C-A6C1-2407-63B805FB1736}.Debug|Any CPU.ActiveCfg = Debug|Any CPU
		{742B36AF-736C-A6C1-2407-63B805FB1736}.Debug|Any CPU.Build.0 = Debug|Any CPU
		{742B36AF-736C-A6C1-2407-63B805FB1736}.Release|Any CPU.ActiveCfg = Release|Any CPU
		{742B36AF-736C-A6C1-2407-63B805FB1736}.Release|Any CPU.Build.0 = Release|Any CPU
	EndGlobalSection
	GlobalSection(SolutionProperties) = preSolution
		HideSolutionNode = FALSE
	EndGlobalSection
	GlobalSection(ExtensibilityGlobals) = postSolution
		SolutionGuid = {63FBF9F0-398D-4752-8CE6-C91428A4D948}
	EndGlobalSection
EndGlobal
