
Microsoft Visual Studio Solution File, Format Version 12.00
# Visual Studio Version 17
VisualStudioVersion = 17.14.36109.1 d17.14
MinimumVisualStudioVersion = 10.0.40219.1
Project("{FAE04EC0-301F-11D3-BF4B-00C04F79EFBC}") = "SistemaDePagamentos", "SistemaDePagamentos.csproj", "{EA09A21B-D790-469B-ABF3-1B8E4657997F}"
EndProject
Global
	GlobalSection(SolutionConfigurationPlatforms) = preSolution
		Debug|Any CPU = Debug|Any CPU
		Release|Any CPU = Release|Any CPU
	EndGlobalSection
	GlobalSection(ProjectConfigurationPlatforms) = postSolution
		{EA09A21B-D790-469B-ABF3-1B8E4657997F}.Debug|Any CPU.ActiveCfg = Debug|Any CPU
		{EA09A21B-D790-469B-ABF3-1B8E4657997F}.Debug|Any CPU.Build.0 = Debug|Any CPU
		{EA09A21B-D790-469B-ABF3-1B8E4657997F}.Release|Any CPU.ActiveCfg = Release|Any CPU
		{EA09A21B-D790-469B-ABF3-1B8E4657997F}.Release|Any CPU.Build.0 = Release|Any CPU
	EndGlobalSection
	GlobalSection(SolutionProperties) = preSolution
		HideSolutionNode = FALSE
	EndGlobalSection
	GlobalSection(ExtensibilityGlobals) = postSolution
		SolutionGuid = {B1ADCBE8-CE66-4B18-9595-4DF2B4DD288E}
	EndGlobalSection
EndGlobal
