Microsoft Visual Studio Solution File, Format Version 12.00
# Visual Studio Version 17
VisualStudioVersion = 17.5.2.0
MinimumVisualStudioVersion = 10.0.40219.1
Project("{FAE04EC0-301F-11D3-BF4B-00C04F79EFBC}") = "RelatorioComBase", "RelatorioComBase.csproj", "{6394C545-E5DC-4897-0C4B-97F5F96A4381}"
EndProject
Global
	GlobalSection(SolutionConfigurationPlatforms) = preSolution
		Debug|Any CPU = Debug|Any CPU
		Release|Any CPU = Release|Any CPU
	EndGlobalSection
	GlobalSection(ProjectConfigurationPlatforms) = postSolution
		{6394C545-E5DC-4897-0C4B-97F5F96A4381}.Debug|Any CPU.ActiveCfg = Debug|Any CPU
		{6394C545-E5DC-4897-0C4B-97F5F96A4381}.Debug|Any CPU.Build.0 = Debug|Any CPU
		{6394C545-E5DC-4897-0C4B-97F5F96A4381}.Release|Any CPU.ActiveCfg = Release|Any CPU
		{6394C545-E5DC-4897-0C4B-97F5F96A4381}.Release|Any CPU.Build.0 = Release|Any CPU
	EndGlobalSection
	GlobalSection(SolutionProperties) = preSolution
		HideSolutionNode = FALSE
	EndGlobalSection
	GlobalSection(ExtensibilityGlobals) = postSolution
		SolutionGuid = {64A28849-78B8-4AF0-81B8-A95E35851EDB}
	EndGlobalSection
EndGlobal
