Microsoft Visual Studio Solution File, Format Version 12.00
# Visual Studio Version 17
VisualStudioVersion = 17.5.2.0
MinimumVisualStudioVersion = 10.0.40219.1
Project("{FAE04EC0-301F-11D3-BF4B-00C04F79EFBC}") = "EstaticosEInstancia", "EstaticosEInstancia.csproj", "{0A37B858-6131-0A29-BE0E-E9A77DCB7051}"
EndProject
Global
	GlobalSection(SolutionConfigurationPlatforms) = preSolution
		Debug|Any CPU = Debug|Any CPU
		Release|Any CPU = Release|Any CPU
	EndGlobalSection
	GlobalSection(ProjectConfigurationPlatforms) = postSolution
		{0A37B858-6131-0A29-BE0E-E9A77DCB7051}.Debug|Any CPU.ActiveCfg = Debug|Any CPU
		{0A37B858-6131-0A29-BE0E-E9A77DCB7051}.Debug|Any CPU.Build.0 = Debug|Any CPU
		{0A37B858-6131-0A29-BE0E-E9A77DCB7051}.Release|Any CPU.ActiveCfg = Release|Any CPU
		{0A37B858-6131-0A29-BE0E-E9A77DCB7051}.Release|Any CPU.Build.0 = Release|Any CPU
	EndGlobalSection
	GlobalSection(SolutionProperties) = preSolution
		HideSolutionNode = FALSE
	EndGlobalSection
	GlobalSection(ExtensibilityGlobals) = postSolution
		SolutionGuid = {3A24A368-C1DD-4668-8655-3973C019A4EF}
	EndGlobalSection
EndGlobal
