Microsoft Visual Studio Solution File, Format Version 12.00
# Visual Studio Version 17
VisualStudioVersion = 17.5.2.0
MinimumVisualStudioVersion = 10.0.40219.1
Project("{FAE04EC0-301F-11D3-BF4B-00C04F79EFBC}") = "programa011", "programa011.csproj", "{F5018395-198C-9E1D-AC1F-C78492D73C98}"
EndProject
Global
	GlobalSection(SolutionConfigurationPlatforms) = preSolution
		Debug|Any CPU = Debug|Any CPU
		Release|Any CPU = Release|Any CPU
	EndGlobalSection
	GlobalSection(ProjectConfigurationPlatforms) = postSolution
		{F5018395-198C-9E1D-AC1F-C78492D73C98}.Debug|Any CPU.ActiveCfg = Debug|Any CPU
		{F5018395-198C-9E1D-AC1F-C78492D73C98}.Debug|Any CPU.Build.0 = Debug|Any CPU
		{F5018395-198C-9E1D-AC1F-C78492D73C98}.Release|Any CPU.ActiveCfg = Release|Any CPU
		{F5018395-198C-9E1D-AC1F-C78492D73C98}.Release|Any CPU.Build.0 = Release|Any CPU
	EndGlobalSection
	GlobalSection(SolutionProperties) = preSolution
		HideSolutionNode = FALSE
	EndGlobalSection
	GlobalSection(ExtensibilityGlobals) = postSolution
		SolutionGuid = {1B67C299-8CB1-4B9E-9CF5-54DFCEAD7F32}
	EndGlobalSection
EndGlobal
