Microsoft Visual Studio Solution File, Format Version 12.00
# Visual Studio Version 17
VisualStudioVersion = 17.5.2.0
MinimumVisualStudioVersion = 10.0.40219.1
Project("{FAE04EC0-301F-11D3-BF4B-00C04F79EFBC}") = "Programa001", "Programa001\Programa001.csproj", "{2DF72A63-FFBF-3DCE-C01E-4BF7EB1A9A50}"
EndProject
Global
	GlobalSection(SolutionConfigurationPlatforms) = preSolution
		Debug|Any CPU = Debug|Any CPU
		Release|Any CPU = Release|Any CPU
	EndGlobalSection
	GlobalSection(ProjectConfigurationPlatforms) = postSolution
		{2DF72A63-FFBF-3DCE-C01E-4BF7EB1A9A50}.Debug|Any CPU.ActiveCfg = Debug|Any CPU
		{2DF72A63-FFBF-3DCE-C01E-4BF7EB1A9A50}.Debug|Any CPU.Build.0 = Debug|Any CPU
		{2DF72A63-FFBF-3DCE-C01E-4BF7EB1A9A50}.Release|Any CPU.ActiveCfg = Release|Any CPU
		{2DF72A63-FFBF-3DCE-C01E-4BF7EB1A9A50}.Release|Any CPU.Build.0 = Release|Any CPU
	EndGlobalSection
	GlobalSection(SolutionProperties) = preSolution
		HideSolutionNode = FALSE
	EndGlobalSection
	GlobalSection(ExtensibilityGlobals) = postSolution
		SolutionGuid = {D5928B2F-190B-4F52-A549-C4E2D0D99117}
	EndGlobalSection
EndGlobal
