Microsoft Visual Studio Solution File, Format Version 12.00
# Visual Studio Version 17
VisualStudioVersion = 17.5.2.0
MinimumVisualStudioVersion = 10.0.40219.1
Project("{FAE04EC0-301F-11D3-BF4B-00C04F79EFBC}") = "Programa005", "Programa005.csproj", "{559118A5-4721-A477-A85F-6E2FBF314205}"
EndProject
Global
	GlobalSection(SolutionConfigurationPlatforms) = preSolution
		Debug|Any CPU = Debug|Any CPU
		Release|Any CPU = Release|Any CPU
	EndGlobalSection
	GlobalSection(ProjectConfigurationPlatforms) = postSolution
		{559118A5-4721-A477-A85F-6E2FBF314205}.Debug|Any CPU.ActiveCfg = Debug|Any CPU
		{559118A5-4721-A477-A85F-6E2FBF314205}.Debug|Any CPU.Build.0 = Debug|Any CPU
		{559118A5-4721-A477-A85F-6E2FBF314205}.Release|Any CPU.ActiveCfg = Release|Any CPU
		{559118A5-4721-A477-A85F-6E2FBF314205}.Release|Any CPU.Build.0 = Release|Any CPU
	EndGlobalSection
	GlobalSection(SolutionProperties) = preSolution
		HideSolutionNode = FALSE
	EndGlobalSection
	GlobalSection(ExtensibilityGlobals) = postSolution
		SolutionGuid = {05D7803F-173C-455B-BA40-B4261A0810F2}
	EndGlobalSection
EndGlobal
