Microsoft Visual Studio Solution File, Format Version 12.00
# Visual Studio Version 17
VisualStudioVersion = 17.5.2.0
MinimumVisualStudioVersion = 10.0.40219.1
Project("{FAE04EC0-301F-11D3-BF4B-00C04F79EFBC}") = "ProjetoClima", "ProjetoClima.csproj", "{6923BF8C-C95E-62AA-BEB9-54F294D52CA4}"
EndProject
Global
	GlobalSection(SolutionConfigurationPlatforms) = preSolution
		Debug|Any CPU = Debug|Any CPU
		Release|Any CPU = Release|Any CPU
	EndGlobalSection
	GlobalSection(ProjectConfigurationPlatforms) = postSolution
		{6923BF8C-C95E-62AA-BEB9-54F294D52CA4}.Debug|Any CPU.ActiveCfg = Debug|Any CPU
		{6923BF8C-C95E-62AA-BEB9-54F294D52CA4}.Debug|Any CPU.Build.0 = Debug|Any CPU
		{6923BF8C-C95E-62AA-BEB9-54F294D52CA4}.Release|Any CPU.ActiveCfg = Release|Any CPU
		{6923BF8C-C95E-62AA-BEB9-54F294D52CA4}.Release|Any CPU.Build.0 = Release|Any CPU
	EndGlobalSection
	GlobalSection(SolutionProperties) = preSolution
		HideSolutionNode = FALSE
	EndGlobalSection
	GlobalSection(ExtensibilityGlobals) = postSolution
		SolutionGuid = {C348EC89-738C-472F-8DEA-A3A2A946CEF8}
	EndGlobalSection
EndGlobal
