Microsoft Visual Studio Solution File, Format Version 12.00
# Visual Studio Version 17
VisualStudioVersion = 17.5.2.0
MinimumVisualStudioVersion = 10.0.40219.1
Project("{FAE04EC0-301F-11D3-BF4B-00C04F79EFBC}") = "programa008", "programa008.csproj", "{13F037FA-8AA5-FA69-4F0C-6E31551148B9}"
EndProject
Global
	GlobalSection(SolutionConfigurationPlatforms) = preSolution
		Debug|Any CPU = Debug|Any CPU
		Release|Any CPU = Release|Any CPU
	EndGlobalSection
	GlobalSection(ProjectConfigurationPlatforms) = postSolution
		{13F037FA-8AA5-FA69-4F0C-6E31551148B9}.Debug|Any CPU.ActiveCfg = Debug|Any CPU
		{13F037FA-8AA5-FA69-4F0C-6E31551148B9}.Debug|Any CPU.Build.0 = Debug|Any CPU
		{13F037FA-8AA5-FA69-4F0C-6E31551148B9}.Release|Any CPU.ActiveCfg = Release|Any CPU
		{13F037FA-8AA5-FA69-4F0C-6E31551148B9}.Release|Any CPU.Build.0 = Release|Any CPU
	EndGlobalSection
	GlobalSection(SolutionProperties) = preSolution
		HideSolutionNode = FALSE
	EndGlobalSection
	GlobalSection(ExtensibilityGlobals) = postSolution
		SolutionGuid = {04AE36DA-4CC1-4C39-A3AF-A9FC13C775A1}
	EndGlobalSection
EndGlobal
