Microsoft Visual Studio Solution File, Format Version 12.00
# Visual Studio Version 17
VisualStudioVersion = 17.5.2.0
MinimumVisualStudioVersion = 10.0.40219.1
Project("{FAE04EC0-301F-11D3-BF4B-00C04F79EFBC}") = "ArquivoExiste", "ArquivoExiste.csproj", "{53F66E50-BF1B-3634-65AD-DA9E36967BCD}"
EndProject
Global
	GlobalSection(SolutionConfigurationPlatforms) = preSolution
		Debug|Any CPU = Debug|Any CPU
		Release|Any CPU = Release|Any CPU
	EndGlobalSection
	GlobalSection(ProjectConfigurationPlatforms) = postSolution
		{53F66E50-BF1B-3634-65AD-DA9E36967BCD}.Debug|Any CPU.ActiveCfg = Debug|Any CPU
		{53F66E50-BF1B-3634-65AD-DA9E36967BCD}.Debug|Any CPU.Build.0 = Debug|Any CPU
		{53F66E50-BF1B-3634-65AD-DA9E36967BCD}.Release|Any CPU.ActiveCfg = Release|Any CPU
		{53F66E50-BF1B-3634-65AD-DA9E36967BCD}.Release|Any CPU.Build.0 = Release|Any CPU
	EndGlobalSection
	GlobalSection(SolutionProperties) = preSolution
		HideSolutionNode = FALSE
	EndGlobalSection
	GlobalSection(ExtensibilityGlobals) = postSolution
		SolutionGuid = {5A4D37D6-41AE-4E1D-8C99-C07A9BF523F5}
	EndGlobalSection
EndGlobal
