Microsoft Visual Studio Solution File, Format Version 12.00
# Visual Studio Version 17
VisualStudioVersion = 17.5.2.0
MinimumVisualStudioVersion = 10.0.40219.1
Project("{FAE04EC0-301F-11D3-BF4B-00C04F79EFBC}") = "VeiculoMover", "VeiculoMover.csproj", "{054D1489-C162-8A49-49C2-90DA61CA0128}"
EndProject
Global
	GlobalSection(SolutionConfigurationPlatforms) = preSolution
		Debug|Any CPU = Debug|Any CPU
		Release|Any CPU = Release|Any CPU
	EndGlobalSection
	GlobalSection(ProjectConfigurationPlatforms) = postSolution
		{054D1489-C162-8A49-49C2-90DA61CA0128}.Debug|Any CPU.ActiveCfg = Debug|Any CPU
		{054D1489-C162-8A49-49C2-90DA61CA0128}.Debug|Any CPU.Build.0 = Debug|Any CPU
		{054D1489-C162-8A49-49C2-90DA61CA0128}.Release|Any CPU.ActiveCfg = Release|Any CPU
		{054D1489-C162-8A49-49C2-90DA61CA0128}.Release|Any CPU.Build.0 = Release|Any CPU
	EndGlobalSection
	GlobalSection(SolutionProperties) = preSolution
		HideSolutionNode = FALSE
	EndGlobalSection
	GlobalSection(ExtensibilityGlobals) = postSolution
		SolutionGuid = {36E024E1-531E-4EDB-84F5-F1920E31DE30}
	EndGlobalSection
EndGlobal
