Microsoft Visual Studio Solution File, Format Version 12.00
# Visual Studio Version 17
VisualStudioVersion = 17.5.2.0
MinimumVisualStudioVersion = 10.0.40219.1
Project("{FAE04EC0-301F-11D3-BF4B-00C04F79EFBC}") = "programa002", "programa002.csproj", "{E40F6330-9765-11D3-ABA7-E773D187DB2F}"
EndProject
Global
	GlobalSection(SolutionConfigurationPlatforms) = preSolution
		Debug|Any CPU = Debug|Any CPU
		Release|Any CPU = Release|Any CPU
	EndGlobalSection
	GlobalSection(ProjectConfigurationPlatforms) = postSolution
		{E40F6330-9765-11D3-ABA7-E773D187DB2F}.Debug|Any CPU.ActiveCfg = Debug|Any CPU
		{E40F6330-9765-11D3-ABA7-E773D187DB2F}.Debug|Any CPU.Build.0 = Debug|Any CPU
		{E40F6330-9765-11D3-ABA7-E773D187DB2F}.Release|Any CPU.ActiveCfg = Release|Any CPU
		{E40F6330-9765-11D3-ABA7-E773D187DB2F}.Release|Any CPU.Build.0 = Release|Any CPU
	EndGlobalSection
	GlobalSection(SolutionProperties) = preSolution
		HideSolutionNode = FALSE
	EndGlobalSection
	GlobalSection(ExtensibilityGlobals) = postSolution
		SolutionGuid = {A6754172-804A-4379-B547-AC781726EDA6}
	EndGlobalSection
EndGlobal
