Microsoft Visual Studio Solution File, Format Version 12.00
# Visual Studio Version 17
VisualStudioVersion = 17.5.2.0
MinimumVisualStudioVersion = 10.0.40219.1
Project("{FAE04EC0-301F-11D3-BF4B-00C04F79EFBC}") = "InversorDePalavras", "InversorDePalavras.csproj", "{BE5F90DC-5422-2E64-FABC-C6572B3B47B7}"
EndProject
Global
	GlobalSection(SolutionConfigurationPlatforms) = preSolution
		Debug|Any CPU = Debug|Any CPU
		Release|Any CPU = Release|Any CPU
	EndGlobalSection
	GlobalSection(ProjectConfigurationPlatforms) = postSolution
		{BE5F90DC-5422-2E64-FABC-C6572B3B47B7}.Debug|Any CPU.ActiveCfg = Debug|Any CPU
		{BE5F90DC-5422-2E64-FABC-C6572B3B47B7}.Debug|Any CPU.Build.0 = Debug|Any CPU
		{BE5F90DC-5422-2E64-FABC-C6572B3B47B7}.Release|Any CPU.ActiveCfg = Release|Any CPU
		{BE5F90DC-5422-2E64-FABC-C6572B3B47B7}.Release|Any CPU.Build.0 = Release|Any CPU
	EndGlobalSection
	GlobalSection(SolutionProperties) = preSolution
		HideSolutionNode = FALSE
	EndGlobalSection
	GlobalSection(ExtensibilityGlobals) = postSolution
		SolutionGuid = {781AB4EF-A837-4F6A-935F-1344D5DFDE58}
	EndGlobalSection
EndGlobal
