Microsoft Visual Studio Solution File, Format Version 12.00
# Visual Studio Version 17
VisualStudioVersion = 17.5.2.0
MinimumVisualStudioVersion = 10.0.40219.1
Project("{FAE04EC0-301F-11D3-BF4B-00C04F79EFBC}") = "VerificarComIS", "VerificarComIS.csproj", "{5A10361C-1B77-D0D9-F836-E4A27A3B4936}"
EndProject
Global
	GlobalSection(SolutionConfigurationPlatforms) = preSolution
		Debug|Any CPU = Debug|Any CPU
		Release|Any CPU = Release|Any CPU
	EndGlobalSection
	GlobalSection(ProjectConfigurationPlatforms) = postSolution
		{5A10361C-1B77-D0D9-F836-E4A27A3B4936}.Debug|Any CPU.ActiveCfg = Debug|Any CPU
		{5A10361C-1B77-D0D9-F836-E4A27A3B4936}.Debug|Any CPU.Build.0 = Debug|Any CPU
		{5A10361C-1B77-D0D9-F836-E4A27A3B4936}.Release|Any CPU.ActiveCfg = Release|Any CPU
		{5A10361C-1B77-D0D9-F836-E4A27A3B4936}.Release|Any CPU.Build.0 = Release|Any CPU
	EndGlobalSection
	GlobalSection(SolutionProperties) = preSolution
		HideSolutionNode = FALSE
	EndGlobalSection
	GlobalSection(ExtensibilityGlobals) = postSolution
		SolutionGuid = {FA1E3C52-7995-466E-8102-A57075EF65D1}
	EndGlobalSection
EndGlobal
