Microsoft Visual Studio Solution File, Format Version 12.00
# Visual Studio Version 17
VisualStudioVersion = 17.5.2.0
MinimumVisualStudioVersion = 10.0.40219.1
Project("{FAE04EC0-301F-11D3-BF4B-00C04F79EFBC}") = "programa013", "programa013.csproj", "{AFC2D312-D983-03EE-6DBD-328E7E43287C}"
EndProject
Global
	GlobalSection(SolutionConfigurationPlatforms) = preSolution
		Debug|Any CPU = Debug|Any CPU
		Release|Any CPU = Release|Any CPU
	EndGlobalSection
	GlobalSection(ProjectConfigurationPlatforms) = postSolution
		{AFC2D312-D983-03EE-6DBD-328E7E43287C}.Debug|Any CPU.ActiveCfg = Debug|Any CPU
		{AFC2D312-D983-03EE-6DBD-328E7E43287C}.Debug|Any CPU.Build.0 = Debug|Any CPU
		{AFC2D312-D983-03EE-6DBD-328E7E43287C}.Release|Any CPU.ActiveCfg = Release|Any CPU
		{AFC2D312-D983-03EE-6DBD-328E7E43287C}.Release|Any CPU.Build.0 = Release|Any CPU
	EndGlobalSection
	GlobalSection(SolutionProperties) = preSolution
		HideSolutionNode = FALSE
	EndGlobalSection
	GlobalSection(ExtensibilityGlobals) = postSolution
		SolutionGuid = {3AE04717-E9FA-4DFC-A892-FBF89C886677}
	EndGlobalSection
EndGlobal
