Microsoft Visual Studio Solution File, Format Version 12.00
# Visual Studio Version 17
VisualStudioVersion = 17.5.2.0
MinimumVisualStudioVersion = 10.0.40219.1
Project("{FAE04EC0-301F-11D3-BF4B-00C04F79EFBC}") = "MaioresQue25", "MaioresQue25.csproj", "{EE5718F1-E458-D4C7-B0EB-FA3D4719EAAB}"
EndProject
Global
	GlobalSection(SolutionConfigurationPlatforms) = preSolution
		Debug|Any CPU = Debug|Any CPU
		Release|Any CPU = Release|Any CPU
	EndGlobalSection
	GlobalSection(ProjectConfigurationPlatforms) = postSolution
		{EE5718F1-E458-D4C7-B0EB-FA3D4719EAAB}.Debug|Any CPU.ActiveCfg = Debug|Any CPU
		{EE5718F1-E458-D4C7-B0EB-FA3D4719EAAB}.Debug|Any CPU.Build.0 = Debug|Any CPU
		{EE5718F1-E458-D4C7-B0EB-FA3D4719EAAB}.Release|Any CPU.ActiveCfg = Release|Any CPU
		{EE5718F1-E458-D4C7-B0EB-FA3D4719EAAB}.Release|Any CPU.Build.0 = Release|Any CPU
	EndGlobalSection
	GlobalSection(SolutionProperties) = preSolution
		HideSolutionNode = FALSE
	EndGlobalSection
	GlobalSection(ExtensibilityGlobals) = postSolution
		SolutionGuid = {80957BBD-CD92-4B4C-9AD9-A81A9CB9DD22}
	EndGlobalSection
EndGlobal
