Microsoft Visual Studio Solution File, Format Version 12.00
# Visual Studio Version 17
VisualStudioVersion = 17.5.2.0
MinimumVisualStudioVersion = 10.0.40219.1
Project("{FAE04EC0-301F-11D3-BF4B-00C04F79EFBC}") = "Dobro", "Dobro.csproj", "{898F69E6-9F12-6D40-969D-E14CC89A0732}"
EndProject
Global
	GlobalSection(SolutionConfigurationPlatforms) = preSolution
		Debug|Any CPU = Debug|Any CPU
		Release|Any CPU = Release|Any CPU
	EndGlobalSection
	GlobalSection(ProjectConfigurationPlatforms) = postSolution
		{898F69E6-9F12-6D40-969D-E14CC89A0732}.Debug|Any CPU.ActiveCfg = Debug|Any CPU
		{898F69E6-9F12-6D40-969D-E14CC89A0732}.Debug|Any CPU.Build.0 = Debug|Any CPU
		{898F69E6-9F12-6D40-969D-E14CC89A0732}.Release|Any CPU.ActiveCfg = Release|Any CPU
		{898F69E6-9F12-6D40-969D-E14CC89A0732}.Release|Any CPU.Build.0 = Release|Any CPU
	EndGlobalSection
	GlobalSection(SolutionProperties) = preSolution
		HideSolutionNode = FALSE
	EndGlobalSection
	GlobalSection(ExtensibilityGlobals) = postSolution
		SolutionGuid = {5999BA51-0AC5-44FD-B477-268082F03DA6}
	EndGlobalSection
EndGlobal
